
Microsoft Visual Studio Solution File, Format Version 12.00
# Visual Studio Version 17
VisualStudioVersion = 17.0.31919.166
MinimumVisualStudioVersion = 10.0.40219.1
Project("{FAE04EC0-301F-11D3-BF4B-00C04F79EFBC}") = "ConsoleApplication1", "ConsoleApplication1\ConsoleApplication1.csproj", "{79995387-EF63-432C-99A2-FB8D47327714}"
EndProject
Project("{FAE04EC0-301F-11D3-BF4B-00C04F79EFBC}") = "AplicacionNomina", "AplicacionNomina\AplicacionNomina.csproj", "{E4156E08-79CB-42C8-9C1B-BB16C0DDFFD2}"
EndProject
Project("{FAE04EC0-301F-11D3-BF4B-00C04F79EFBC}") = "AplicacionNominaWPF", "AplicacionNominaWPF\AplicacionNominaWPF.csproj", "{1E7BBD4B-6EA1-455A-BE2F-5CC91BD6F47B}"
EndProject
Project("{FAE04EC0-301F-11D3-BF4B-00C04F79EFBC}") = "AplicacionNomina.Core", "AplicacionNomina.Core\AplicacionNomina.Core.csproj", "{CF33B088-FEC4-4D94-93D3-72B9C9BF5525}"
EndProject
Project("{FAE04EC0-301F-11D3-BF4B-00C04F79EFBC}") = "layoutNomina", "layoutNomina\layoutNomina.csproj", "{E2D74D9C-C1F7-4CC2-ADFD-BE71F5669896}"
EndProject
Project("{54435603-DBB4-11D2-8724-00A0C9A8B90C}") = "Convertidor Nomina", "Convertidor Nomina\Convertidor Nomina.vdproj", "{3F1E7681-7AE2-4DB8-8A85-DB631DF93D10}"
EndProject
Global
	GlobalSection(SolutionConfigurationPlatforms) = preSolution
		CD_ROM|Any CPU = CD_ROM|Any CPU
		CD_ROM|x86 = CD_ROM|x86
		Debug|Any CPU = Debug|Any CPU
		Debug|x86 = Debug|x86
		DVD-5|Any CPU = DVD-5|Any CPU
		DVD-5|x86 = DVD-5|x86
		Release|Any CPU = Release|Any CPU
		Release|x86 = Release|x86
		SingleImage|Any CPU = SingleImage|Any CPU
		SingleImage|x86 = SingleImage|x86
	EndGlobalSection
	GlobalSection(ProjectConfigurationPlatforms) = postSolution
		{79995387-EF63-432C-99A2-FB8D47327714}.CD_ROM|Any CPU.ActiveCfg = Release|Any CPU
		{79995387-EF63-432C-99A2-FB8D47327714}.CD_ROM|Any CPU.Build.0 = Release|Any CPU
		{79995387-EF63-432C-99A2-FB8D47327714}.CD_ROM|x86.ActiveCfg = Debug|Any CPU
		{79995387-EF63-432C-99A2-FB8D47327714}.CD_ROM|x86.Build.0 = Debug|Any CPU
		{79995387-EF63-432C-99A2-FB8D47327714}.Debug|Any CPU.ActiveCfg = Debug|Any CPU
		{79995387-EF63-432C-99A2-FB8D47327714}.Debug|Any CPU.Build.0 = Debug|Any CPU
		{79995387-EF63-432C-99A2-FB8D47327714}.Debug|x86.ActiveCfg = Debug|Any CPU
		{79995387-EF63-432C-99A2-FB8D47327714}.Debug|x86.Build.0 = Debug|Any CPU
		{79995387-EF63-432C-99A2-FB8D47327714}.DVD-5|Any CPU.ActiveCfg = Debug|Any CPU
		{79995387-EF63-432C-99A2-FB8D47327714}.DVD-5|Any CPU.Build.0 = Debug|Any CPU
		{79995387-EF63-432C-99A2-FB8D47327714}.DVD-5|x86.ActiveCfg = Debug|Any CPU
		{79995387-EF63-432C-99A2-FB8D47327714}.DVD-5|x86.Build.0 = Debug|Any CPU
		{79995387-EF63-432C-99A2-FB8D47327714}.Release|Any CPU.ActiveCfg = Release|Any CPU
		{79995387-EF63-432C-99A2-FB8D47327714}.Release|Any CPU.Build.0 = Release|Any CPU
		{79995387-EF63-432C-99A2-FB8D47327714}.Release|x86.ActiveCfg = Release|Any CPU
		{79995387-EF63-432C-99A2-FB8D47327714}.Release|x86.Build.0 = Release|Any CPU
		{79995387-EF63-432C-99A2-FB8D47327714}.SingleImage|Any CPU.ActiveCfg = Release|Any CPU
		{79995387-EF63-432C-99A2-FB8D47327714}.SingleImage|Any CPU.Build.0 = Release|Any CPU
		{79995387-EF63-432C-99A2-FB8D47327714}.SingleImage|x86.ActiveCfg = Debug|Any CPU
		{79995387-EF63-432C-99A2-FB8D47327714}.SingleImage|x86.Build.0 = Debug|Any CPU
		{E4156E08-79CB-42C8-9C1B-BB16C0DDFFD2}.CD_ROM|Any CPU.ActiveCfg = Release|Any CPU
		{E4156E08-79CB-42C8-9C1B-BB16C0DDFFD2}.CD_ROM|Any CPU.Build.0 = Release|Any CPU
		{E4156E08-79CB-42C8-9C1B-BB16C0DDFFD2}.CD_ROM|x86.ActiveCfg = Debug|Any CPU
		{E4156E08-79CB-42C8-9C1B-BB16C0DDFFD2}.CD_ROM|x86.Build.0 = Debug|Any CPU
		{E4156E08-79CB-42C8-9C1B-BB16C0DDFFD2}.Debug|Any CPU.ActiveCfg = Debug|Any CPU
		{E4156E08-79CB-42C8-9C1B-BB16C0DDFFD2}.Debug|Any CPU.Build.0 = Debug|Any CPU
		{E4156E08-79CB-42C8-9C1B-BB16C0DDFFD2}.Debug|x86.ActiveCfg = Debug|Any CPU
		{E4156E08-79CB-42C8-9C1B-BB16C0DDFFD2}.Debug|x86.Build.0 = Debug|Any CPU
		{E4156E08-79CB-42C8-9C1B-BB16C0DDFFD2}.DVD-5|Any CPU.ActiveCfg = Debug|Any CPU
		{E4156E08-79CB-42C8-9C1B-BB16C0DDFFD2}.DVD-5|Any CPU.Build.0 = Debug|Any CPU
		{E4156E08-79CB-42C8-9C1B-BB16C0DDFFD2}.DVD-5|x86.ActiveCfg = Debug|Any CPU
		{E4156E08-79CB-42C8-9C1B-BB16C0DDFFD2}.DVD-5|x86.Build.0 = Debug|Any CPU
		{E4156E08-79CB-42C8-9C1B-BB16C0DDFFD2}.Release|Any CPU.ActiveCfg = Release|Any CPU
		{E4156E08-79CB-42C8-9C1B-BB16C0DDFFD2}.Release|Any CPU.Build.0 = Release|Any CPU
		{E4156E08-79CB-42C8-9C1B-BB16C0DDFFD2}.Release|x86.ActiveCfg = Release|Any CPU
		{E4156E08-79CB-42C8-9C1B-BB16C0DDFFD2}.Release|x86.Build.0 = Release|Any CPU
		{E4156E08-79CB-42C8-9C1B-BB16C0DDFFD2}.SingleImage|Any CPU.ActiveCfg = Release|Any CPU
		{E4156E08-79CB-42C8-9C1B-BB16C0DDFFD2}.SingleImage|Any CPU.Build.0 = Release|Any CPU
		{E4156E08-79CB-42C8-9C1B-BB16C0DDFFD2}.SingleImage|x86.ActiveCfg = Debug|Any CPU
		{E4156E08-79CB-42C8-9C1B-BB16C0DDFFD2}.SingleImage|x86.Build.0 = Debug|Any CPU
		{1E7BBD4B-6EA1-455A-BE2F-5CC91BD6F47B}.CD_ROM|Any CPU.ActiveCfg = Release|Any CPU
		{1E7BBD4B-6EA1-455A-BE2F-5CC91BD6F47B}.CD_ROM|Any CPU.Build.0 = Release|Any CPU
		{1E7BBD4B-6EA1-455A-BE2F-5CC91BD6F47B}.CD_ROM|x86.ActiveCfg = Debug|Any CPU
		{1E7BBD4B-6EA1-455A-BE2F-5CC91BD6F47B}.CD_ROM|x86.Build.0 = Debug|Any CPU
		{1E7BBD4B-6EA1-455A-BE2F-5CC91BD6F47B}.Debug|Any CPU.ActiveCfg = Debug|Any CPU
		{1E7BBD4B-6EA1-455A-BE2F-5CC91BD6F47B}.Debug|Any CPU.Build.0 = Debug|Any CPU
		{1E7BBD4B-6EA1-455A-BE2F-5CC91BD6F47B}.Debug|x86.ActiveCfg = Debug|Any CPU
		{1E7BBD4B-6EA1-455A-BE2F-5CC91BD6F47B}.Debug|x86.Build.0 = Debug|Any CPU
		{1E7BBD4B-6EA1-455A-BE2F-5CC91BD6F47B}.DVD-5|Any CPU.ActiveCfg = Debug|Any CPU
		{1E7BBD4B-6EA1-455A-BE2F-5CC91BD6F47B}.DVD-5|Any CPU.Build.0 = Debug|Any CPU
		{1E7BBD4B-6EA1-455A-BE2F-5CC91BD6F47B}.DVD-5|x86.ActiveCfg = Debug|Any CPU
		{1E7BBD4B-6EA1-455A-BE2F-5CC91BD6F47B}.DVD-5|x86.Build.0 = Debug|Any CPU
		{1E7BBD4B-6EA1-455A-BE2F-5CC91BD6F47B}.Release|Any CPU.ActiveCfg = Release|Any CPU
		{1E7BBD4B-6EA1-455A-BE2F-5CC91BD6F47B}.Release|Any CPU.Build.0 = Release|Any CPU
		{1E7BBD4B-6EA1-455A-BE2F-5CC91BD6F47B}.Release|x86.ActiveCfg = Release|Any CPU
		{1E7BBD4B-6EA1-455A-BE2F-5CC91BD6F47B}.Release|x86.Build.0 = Release|Any CPU
		{1E7BBD4B-6EA1-455A-BE2F-5CC91BD6F47B}.SingleImage|Any CPU.ActiveCfg = Release|Any CPU
		{1E7BBD4B-6EA1-455A-BE2F-5CC91BD6F47B}.SingleImage|Any CPU.Build.0 = Release|Any CPU
		{1E7BBD4B-6EA1-455A-BE2F-5CC91BD6F47B}.SingleImage|x86.ActiveCfg = Debug|Any CPU
		{1E7BBD4B-6EA1-455A-BE2F-5CC91BD6F47B}.SingleImage|x86.Build.0 = Debug|Any CPU
		{CF33B088-FEC4-4D94-93D3-72B9C9BF5525}.CD_ROM|Any CPU.ActiveCfg = Release|Any CPU
		{CF33B088-FEC4-4D94-93D3-72B9C9BF5525}.CD_ROM|Any CPU.Build.0 = Release|Any CPU
		{CF33B088-FEC4-4D94-93D3-72B9C9BF5525}.CD_ROM|x86.ActiveCfg = Debug|Any CPU
		{CF33B088-FEC4-4D94-93D3-72B9C9BF5525}.CD_ROM|x86.Build.0 = Debug|Any CPU
		{CF33B088-FEC4-4D94-93D3-72B9C9BF5525}.Debug|Any CPU.ActiveCfg = Debug|Any CPU
		{CF33B088-FEC4-4D94-93D3-72B9C9BF5525}.Debug|Any CPU.Build.0 = Debug|Any CPU
		{CF33B088-FEC4-4D94-93D3-72B9C9BF5525}.Debug|x86.ActiveCfg = Debug|Any CPU
		{CF33B088-FEC4-4D94-93D3-72B9C9BF5525}.Debug|x86.Build.0 = Debug|Any CPU
		{CF33B088-FEC4-4D94-93D3-72B9C9BF5525}.DVD-5|Any CPU.ActiveCfg = Debug|Any CPU
		{CF33B088-FEC4-4D94-93D3-72B9C9BF5525}.DVD-5|Any CPU.Build.0 = Debug|Any CPU
		{CF33B088-FEC4-4D94-93D3-72B9C9BF5525}.DVD-5|x86.ActiveCfg = Debug|Any CPU
		{CF33B088-FEC4-4D94-93D3-72B9C9BF5525}.DVD-5|x86.Build.0 = Debug|Any CPU
		{CF33B088-FEC4-4D94-93D3-72B9C9BF5525}.Release|Any CPU.ActiveCfg = Release|Any CPU
		{CF33B088-FEC4-4D94-93D3-72B9C9BF5525}.Release|Any CPU.Build.0 = Release|Any CPU
		{CF33B088-FEC4-4D94-93D3-72B9C9BF5525}.Release|x86.ActiveCfg = Release|Any CPU
		{CF33B088-FEC4-4D94-93D3-72B9C9BF5525}.Release|x86.Build.0 = Release|Any CPU
		{CF33B088-FEC4-4D94-93D3-72B9C9BF5525}.SingleImage|Any CPU.ActiveCfg = Release|Any CPU
		{CF33B088-FEC4-4D94-93D3-72B9C9BF5525}.SingleImage|Any CPU.Build.0 = Release|Any CPU
		{CF33B088-FEC4-4D94-93D3-72B9C9BF5525}.SingleImage|x86.ActiveCfg = Debug|Any CPU
		{CF33B088-FEC4-4D94-93D3-72B9C9BF5525}.SingleImage|x86.Build.0 = Debug|Any CPU
		{E2D74D9C-C1F7-4CC2-ADFD-BE71F5669896}.CD_ROM|Any CPU.ActiveCfg = Debug|Any CPU
		{E2D74D9C-C1F7-4CC2-ADFD-BE71F5669896}.CD_ROM|Any CPU.Build.0 = Debug|Any CPU
		{E2D74D9C-C1F7-4CC2-ADFD-BE71F5669896}.CD_ROM|x86.ActiveCfg = Debug|x86
		{E2D74D9C-C1F7-4CC2-ADFD-BE71F5669896}.CD_ROM|x86.Build.0 = Debug|x86
		{E2D74D9C-C1F7-4CC2-ADFD-BE71F5669896}.Debug|Any CPU.ActiveCfg = Debug|Any CPU
		{E2D74D9C-C1F7-4CC2-ADFD-BE71F5669896}.Debug|Any CPU.Build.0 = Debug|Any CPU
		{E2D74D9C-C1F7-4CC2-ADFD-BE71F5669896}.Debug|x86.ActiveCfg = Debug|x86
		{E2D74D9C-C1F7-4CC2-ADFD-BE71F5669896}.Debug|x86.Build.0 = Debug|x86
		{E2D74D9C-C1F7-4CC2-ADFD-BE71F5669896}.DVD-5|Any CPU.ActiveCfg = Debug|Any CPU
		{E2D74D9C-C1F7-4CC2-ADFD-BE71F5669896}.DVD-5|Any CPU.Build.0 = Debug|Any CPU
		{E2D74D9C-C1F7-4CC2-ADFD-BE71F5669896}.DVD-5|x86.ActiveCfg = Debug|x86
		{E2D74D9C-C1F7-4CC2-ADFD-BE71F5669896}.DVD-5|x86.Build.0 = Debug|x86
		{E2D74D9C-C1F7-4CC2-ADFD-BE71F5669896}.Release|Any CPU.ActiveCfg = Release|Any CPU
		{E2D74D9C-C1F7-4CC2-ADFD-BE71F5669896}.Release|Any CPU.Build.0 = Release|Any CPU
		{E2D74D9C-C1F7-4CC2-ADFD-BE71F5669896}.Release|x86.ActiveCfg = Release|x86
		{E2D74D9C-C1F7-4CC2-ADFD-BE71F5669896}.Release|x86.Build.0 = Release|x86
		{E2D74D9C-C1F7-4CC2-ADFD-BE71F5669896}.SingleImage|Any CPU.ActiveCfg = Debug|Any CPU
		{E2D74D9C-C1F7-4CC2-ADFD-BE71F5669896}.SingleImage|Any CPU.Build.0 = Debug|Any CPU
		{E2D74D9C-C1F7-4CC2-ADFD-BE71F5669896}.SingleImage|x86.ActiveCfg = Debug|x86
		{E2D74D9C-C1F7-4CC2-ADFD-BE71F5669896}.SingleImage|x86.Build.0 = Debug|x86
		{3F1E7681-7AE2-4DB8-8A85-DB631DF93D10}.CD_ROM|Any CPU.ActiveCfg = Debug
		{3F1E7681-7AE2-4DB8-8A85-DB631DF93D10}.CD_ROM|x86.ActiveCfg = Debug
		{3F1E7681-7AE2-4DB8-8A85-DB631DF93D10}.Debug|Any CPU.ActiveCfg = Debug
		{3F1E7681-7AE2-4DB8-8A85-DB631DF93D10}.Debug|x86.ActiveCfg = Debug
		{3F1E7681-7AE2-4DB8-8A85-DB631DF93D10}.DVD-5|Any CPU.ActiveCfg = Debug
		{3F1E7681-7AE2-4DB8-8A85-DB631DF93D10}.DVD-5|x86.ActiveCfg = Debug
		{3F1E7681-7AE2-4DB8-8A85-DB631DF93D10}.Release|Any CPU.ActiveCfg = Release
		{3F1E7681-7AE2-4DB8-8A85-DB631DF93D10}.Release|x86.ActiveCfg = Release
		{3F1E7681-7AE2-4DB8-8A85-DB631DF93D10}.SingleImage|Any CPU.ActiveCfg = Debug
		{3F1E7681-7AE2-4DB8-8A85-DB631DF93D10}.SingleImage|x86.ActiveCfg = Debug
	EndGlobalSection
	GlobalSection(SolutionProperties) = preSolution
		HideSolutionNode = FALSE
	EndGlobalSection
	GlobalSection(ExtensibilityGlobals) = postSolution
		SolutionGuid = {8F0A91F0-11A1-4FCF-AD5F-5F33C97A733B}
	EndGlobalSection
	GlobalSection(SubversionScc) = preSolution
		Svn-Managed = True
		Manager = AnkhSVN - Subversion Support for Visual Studio
	EndGlobalSection
EndGlobal
